{
  "name": "use-publish",
  "version": "1.0.0",
  "lockfileVersion": 1,
  "requires": true,
  "dependencies": {
    "publish_3-sally": {
      "version": "1.1.0",
      "resolved": "https://registry.npmjs.org/publish_3-sally/-/publish_3-sally-1.1.0.tgz",
      "integrity": "sha512-hKKEzntewagVDjRvivSq256KXvT3m+4bQy75bvNbBgDthWi0YOSeDuI9rAFKLIcz3RhQmFS2HwWxX7WVyQTFkA=="
    }
  }
}
